
Microsoft Visual Studio Solution File, Format Version 12.00
# Visual Studio Version 17
VisualStudioVersion = 17.14.36603.0
MinimumVisualStudioVersion = 10.0.40219.1
Project("{2150E333-8FDC-42A3-9474-1A3956D46DE8}") = "Task0", "Task0", "{02EA681E-C7D8-13C7-8484-4AC65E1B71E8}"
EndProject
Project("{FAE04EC0-301F-11D3-BF4B-00C04F79EFBC}") = "Tyuiu.IvanovSV.Sprint3.Task0.V24", "Tyuiu.IvanovSV.Sprint3.Task0.V24\Tyuiu.IvanovSV.Sprint3.Task0.V24.csproj", "{1DA0F52E-0738-4BDC-9348-843D8864C1BA}"
EndProject
Project("{FAE04EC0-301F-11D3-BF4B-00C04F79EFBC}") = "Tyuiu.IvanovSV.Sprint3.Task0.V24.Lib", "Tyuiu.IvanovSV.Sprint3.Task0.V24.Lib\Tyuiu.IvanovSV.Sprint3.Task0.V24.Lib.csproj", "{DFF242E7-9930-4C3F-8783-E65BABF9365F}"
EndProject
Project("{FAE04EC0-301F-11D3-BF4B-00C04F79EFBC}") = "Tyuiu.IvanovSV.Sprint3.Task0.V24.Test", "Tyuiu.IvanovSV.Sprint3.Task0.V24.Test\Tyuiu.IvanovSV.Sprint3.Task0.V24.Test.csproj", "{857C11E4-39AF-4017-BF81-2D1C55C247CC}"
EndProject
Project("{2150E333-8FDC-42A3-9474-1A3956D46DE8}") = "Task1", "Task1", "{CAD4AEBA-1350-426C-8055-989858298044}"
EndProject
Project("{FAE04EC0-301F-11D3-BF4B-00C04F79EFBC}") = "Tyuiu.IvanovSV.Sprint3.Task1.V11", "Tyuiu.IvanovSV.Sprint3.Task1.V11\Tyuiu.IvanovSV.Sprint3.Task1.V11.csproj", "{D39414F1-713A-4250-A962-CA492EB1591E}"
EndProject
Project("{FAE04EC0-301F-11D3-BF4B-00C04F79EFBC}") = "Tyuiu.IvanovSV.Sprint3.Task1.V11.Test", "Tyuiu.IvanovSV.Sprint3.Task1.V11.Test\Tyuiu.IvanovSV.Sprint3.Task1.V11.Test.csproj", "{1DFDFEE2-5117-435C-B0C9-6985AB643603}"
EndProject
Project("{FAE04EC0-301F-11D3-BF4B-00C04F79EFBC}") = "Tyuiu.IvanovSV.Sprint3.Task1.V11.Lib", "Tyuiu.IvanovSV.Sprint3.Task1.V11.Lib\Tyuiu.IvanovSV.Sprint3.Task1.V11.Lib.csproj", "{FA914D4E-EF4C-4270-997B-D1A11DAB9248}"
EndProject
Project("{2150E333-8FDC-42A3-9474-1A3956D46DE8}") = "Task2", "Task2", "{D524A83E-EA99-4462-8A3B-AD76286C55E8}"
EndProject
Project("{FAE04EC0-301F-11D3-BF4B-00C04F79EFBC}") = "Tyuiu.IvanovSV.Sprint3.Task2.V9", "Tyuiu.IvanovSV.Sprint3.Task2.V9\Tyuiu.IvanovSV.Sprint3.Task2.V9.csproj", "{8D895162-9662-4CC3-BA19-6866B0816CFC}"
EndProject
Project("{FAE04EC0-301F-11D3-BF4B-00C04F79EFBC}") = "Tyuiu.IvanovSV.Sprint3.Task2.V9.Lib", "Tyuiu.IvanovSV.Sprint3.Task2.V9.Lib\Tyuiu.IvanovSV.Sprint3.Task2.V9.Lib.csproj", "{3A71E272-5177-4932-B943-5AF8DF850947}"
EndProject
Project("{FAE04EC0-301F-11D3-BF4B-00C04F79EFBC}") = "Tyuiu.IvanovSV.Sprint3.Task2.V9.Test", "Tyuiu.IvanovSV.Sprint3.Task2.V9.Test\Tyuiu.IvanovSV.Sprint3.Task2.V9.Test.csproj", "{C09E29BB-61BC-4644-B8EA-D8D130E95E6D}"
EndProject
Project("{2150E333-8FDC-42A3-9474-1A3956D46DE8}") = "Task3", "Task3", "{D8BEA2CC-EAE2-47B8-A01B-1BC3EC53F6CB}"
EndProject
Project("{FAE04EC0-301F-11D3-BF4B-00C04F79EFBC}") = "Tyuiu.IvanovSV.Sprint3.Task3.V29", "Tyuiu.IvanovSV.Sprint3.Task3.V29\Tyuiu.IvanovSV.Sprint3.Task3.V29.csproj", "{31E17276-3E05-4B82-A9F8-98655DE614D6}"
EndProject
Project("{FAE04EC0-301F-11D3-BF4B-00C04F79EFBC}") = "Tyuiu.IvanovSV.Sprint3.Task3.V29.Lib", "Tyuiu.IvanovSV.Sprint3.Task3.V29.Lib\Tyuiu.IvanovSV.Sprint3.Task3.V29.Lib.csproj", "{394EBA0A-D2B8-43EE-A48A-2EE01F010465}"
EndProject
Project("{FAE04EC0-301F-11D3-BF4B-00C04F79EFBC}") = "Tyuiu.IvanovSV.Sprint3.Task3.V29.Test", "Tyuiu.IvanovSV.Sprint3.Task3.V29.Test\Tyuiu.IvanovSV.Sprint3.Task3.V29.Test.csproj", "{5370E2E8-4B24-4D01-BB08-BBEC7352C7FC}"
EndProject
Project("{2150E333-8FDC-42A3-9474-1A3956D46DE8}") = "Task4", "Task4", "{9B4DEA95-8B1A-4BA2-8F38-9A02BC3B9248}"
EndProject
Project("{FAE04EC0-301F-11D3-BF4B-00C04F79EFBC}") = "Tyuiu.IvanovSV.Sprint3.Task4.V5", "Tyuiu.IvanovSV.Sprint3.Task4.V5\Tyuiu.IvanovSV.Sprint3.Task4.V5.csproj", "{D519D4D1-FD0B-4160-BED6-2622C5926103}"
EndProject
Project("{FAE04EC0-301F-11D3-BF4B-00C04F79EFBC}") = "Tyuiu.IvanovSV.Sprint3.Task4.V5.Test", "Tyuiu.IvanovSV.Sprint3.Task4.V5.Test\Tyuiu.IvanovSV.Sprint3.Task4.V5.Test.csproj", "{FEC2A67C-3CDB-40D4-A47E-1AB167543F69}"
EndProject
Project("{FAE04EC0-301F-11D3-BF4B-00C04F79EFBC}") = "Tyuiu.IvanovSV.Sprint3.Task4.V5.Lib", "Tyuiu.IvanovSV.Sprint3.Task4.V5.Lib\Tyuiu.IvanovSV.Sprint3.Task4.V5.Lib.csproj", "{85E98742-55C8-4122-8EBA-1A22C3AAD405}"
EndProject
Global
	GlobalSection(SolutionConfigurationPlatforms) = preSolution
		Debug|Any CPU = Debug|Any CPU
		Release|Any CPU = Release|Any CPU
	EndGlobalSection
	GlobalSection(ProjectConfigurationPlatforms) = postSolution
		{1DA0F52E-0738-4BDC-9348-843D8864C1BA}.Debug|Any CPU.ActiveCfg = Debug|Any CPU
		{1DA0F52E-0738-4BDC-9348-843D8864C1BA}.Debug|Any CPU.Build.0 = Debug|Any CPU
		{1DA0F52E-0738-4BDC-9348-843D8864C1BA}.Release|Any CPU.ActiveCfg = Release|Any CPU
		{1DA0F52E-0738-4BDC-9348-843D8864C1BA}.Release|Any CPU.Build.0 = Release|Any CPU
		{DFF242E7-9930-4C3F-8783-E65BABF9365F}.Debug|Any CPU.ActiveCfg = Debug|Any CPU
		{DFF242E7-9930-4C3F-8783-E65BABF9365F}.Debug|Any CPU.Build.0 = Debug|Any CPU
		{DFF242E7-9930-4C3F-8783-E65BABF9365F}.Release|Any CPU.ActiveCfg = Release|Any CPU
		{DFF242E7-9930-4C3F-8783-E65BABF9365F}.Release|Any CPU.Build.0 = Release|Any CPU
		{857C11E4-39AF-4017-BF81-2D1C55C247CC}.Debug|Any CPU.ActiveCfg = Debug|Any CPU
		{857C11E4-39AF-4017-BF81-2D1C55C247CC}.Debug|Any CPU.Build.0 = Debug|Any CPU
		{857C11E4-39AF-4017-BF81-2D1C55C247CC}.Release|Any CPU.ActiveCfg = Release|Any CPU
		{857C11E4-39AF-4017-BF81-2D1C55C247CC}.Release|Any CPU.Build.0 = Release|Any CPU
		{D39414F1-713A-4250-A962-CA492EB1591E}.Debug|Any CPU.ActiveCfg = Debug|Any CPU
		{D39414F1-713A-4250-A962-CA492EB1591E}.Debug|Any CPU.Build.0 = Debug|Any CPU
		{D39414F1-713A-4250-A962-CA492EB1591E}.Release|Any CPU.ActiveCfg = Release|Any CPU
		{D39414F1-713A-4250-A962-CA492EB1591E}.Release|Any CPU.Build.0 = Release|Any CPU
		{1DFDFEE2-5117-435C-B0C9-6985AB643603}.Debug|Any CPU.ActiveCfg = Debug|Any CPU
		{1DFDFEE2-5117-435C-B0C9-6985AB643603}.Debug|Any CPU.Build.0 = Debug|Any CPU
		{1DFDFEE2-5117-435C-B0C9-6985AB643603}.Release|Any CPU.ActiveCfg = Release|Any CPU
		{1DFDFEE2-5117-435C-B0C9-6985AB643603}.Release|Any CPU.Build.0 = Release|Any CPU
		{FA914D4E-EF4C-4270-997B-D1A11DAB9248}.Debug|Any CPU.ActiveCfg = Debug|Any CPU
		{FA914D4E-EF4C-4270-997B-D1A11DAB9248}.Debug|Any CPU.Build.0 = Debug|Any CPU
		{FA914D4E-EF4C-4270-997B-D1A11DAB9248}.Release|Any CPU.ActiveCfg = Release|Any CPU
		{FA914D4E-EF4C-4270-997B-D1A11DAB9248}.Release|Any CPU.Build.0 = Release|Any CPU
		{8D895162-9662-4CC3-BA19-6866B0816CFC}.Debug|Any CPU.ActiveCfg = Debug|Any CPU
		{8D895162-9662-4CC3-BA19-6866B0816CFC}.Debug|Any CPU.Build.0 = Debug|Any CPU
		{8D895162-9662-4CC3-BA19-6866B0816CFC}.Release|Any CPU.ActiveCfg = Release|Any CPU
		{8D895162-9662-4CC3-BA19-6866B0816CFC}.Release|Any CPU.Build.0 = Release|Any CPU
		{3A71E272-5177-4932-B943-5AF8DF850947}.Debug|Any CPU.ActiveCfg = Debug|Any CPU
		{3A71E272-5177-4932-B943-5AF8DF850947}.Debug|Any CPU.Build.0 = Debug|Any CPU
		{3A71E272-5177-4932-B943-5AF8DF850947}.Release|Any CPU.ActiveCfg = Release|Any CPU
		{3A71E272-5177-4932-B943-5AF8DF850947}.Release|Any CPU.Build.0 = Release|Any CPU
		{C09E29BB-61BC-4644-B8EA-D8D130E95E6D}.Debug|Any CPU.ActiveCfg = Debug|Any CPU
		{C09E29BB-61BC-4644-B8EA-D8D130E95E6D}.Debug|Any CPU.Build.0 = Debug|Any CPU
		{C09E29BB-61BC-4644-B8EA-D8D130E95E6D}.Release|Any CPU.ActiveCfg = Release|Any CPU
		{C09E29BB-61BC-4644-B8EA-D8D130E95E6D}.Release|Any CPU.Build.0 = Release|Any CPU
		{31E17276-3E05-4B82-A9F8-98655DE614D6}.Debug|Any CPU.ActiveCfg = Debug|Any CPU
		{31E17276-3E05-4B82-A9F8-98655DE614D6}.Debug|Any CPU.Build.0 = Debug|Any CPU
		{31E17276-3E05-4B82-A9F8-98655DE614D6}.Release|Any CPU.ActiveCfg = Release|Any CPU
		{31E17276-3E05-4B82-A9F8-98655DE614D6}.Release|Any CPU.Build.0 = Release|Any CPU
		{394EBA0A-D2B8-43EE-A48A-2EE01F010465}.Debug|Any CPU.ActiveCfg = Debug|Any CPU
		{394EBA0A-D2B8-43EE-A48A-2EE01F010465}.Debug|Any CPU.Build.0 = Debug|Any CPU
		{394EBA0A-D2B8-43EE-A48A-2EE01F010465}.Release|Any CPU.ActiveCfg = Release|Any CPU
		{394EBA0A-D2B8-43EE-A48A-2EE01F010465}.Release|Any CPU.Build.0 = Release|Any CPU
		{5370E2E8-4B24-4D01-BB08-BBEC7352C7FC}.Debug|Any CPU.ActiveCfg = Debug|Any CPU
		{5370E2E8-4B24-4D01-BB08-BBEC7352C7FC}.Debug|Any CPU.Build.0 = Debug|Any CPU
		{5370E2E8-4B24-4D01-BB08-BBEC7352C7FC}.Release|Any CPU.ActiveCfg = Release|Any CPU
		{5370E2E8-4B24-4D01-BB08-BBEC7352C7FC}.Release|Any CPU.Build.0 = Release|Any CPU
		{D519D4D1-FD0B-4160-BED6-2622C5926103}.Debug|Any CPU.ActiveCfg = Debug|Any CPU
		{D519D4D1-FD0B-4160-BED6-2622C5926103}.Debug|Any CPU.Build.0 = Debug|Any CPU
		{D519D4D1-FD0B-4160-BED6-2622C5926103}.Release|Any CPU.ActiveCfg = Release|Any CPU
		{D519D4D1-FD0B-4160-BED6-2622C5926103}.Release|Any CPU.Build.0 = Release|Any CPU
		{FEC2A67C-3CDB-40D4-A47E-1AB167543F69}.Debug|Any CPU.ActiveCfg = Debug|Any CPU
		{FEC2A67C-3CDB-40D4-A47E-1AB167543F69}.Debug|Any CPU.Build.0 = Debug|Any CPU
		{FEC2A67C-3CDB-40D4-A47E-1AB167543F69}.Release|Any CPU.ActiveCfg = Release|Any CPU
		{FEC2A67C-3CDB-40D4-A47E-1AB167543F69}.Release|Any CPU.Build.0 = Release|Any CPU
		{85E98742-55C8-4122-8EBA-1A22C3AAD405}.Debug|Any CPU.ActiveCfg = Debug|Any CPU
		{85E98742-55C8-4122-8EBA-1A22C3AAD405}.Debug|Any CPU.Build.0 = Debug|Any CPU
		{85E98742-55C8-4122-8EBA-1A22C3AAD405}.Release|Any CPU.ActiveCfg = Release|Any CPU
		{85E98742-55C8-4122-8EBA-1A22C3AAD405}.Release|Any CPU.Build.0 = Release|Any CPU
	EndGlobalSection
	GlobalSection(SolutionProperties) = preSolution
		HideSolutionNode = FALSE
	EndGlobalSection
	GlobalSection(NestedProjects) = preSolution
		{1DA0F52E-0738-4BDC-9348-843D8864C1BA} = {02EA681E-C7D8-13C7-8484-4AC65E1B71E8}
		{DFF242E7-9930-4C3F-8783-E65BABF9365F} = {02EA681E-C7D8-13C7-8484-4AC65E1B71E8}
		{857C11E4-39AF-4017-BF81-2D1C55C247CC} = {02EA681E-C7D8-13C7-8484-4AC65E1B71E8}
		{D39414F1-713A-4250-A962-CA492EB1591E} = {CAD4AEBA-1350-426C-8055-989858298044}
		{1DFDFEE2-5117-435C-B0C9-6985AB643603} = {CAD4AEBA-1350-426C-8055-989858298044}
		{FA914D4E-EF4C-4270-997B-D1A11DAB9248} = {CAD4AEBA-1350-426C-8055-989858298044}
		{8D895162-9662-4CC3-BA19-6866B0816CFC} = {D524A83E-EA99-4462-8A3B-AD76286C55E8}
		{3A71E272-5177-4932-B943-5AF8DF850947} = {D524A83E-EA99-4462-8A3B-AD76286C55E8}
		{C09E29BB-61BC-4644-B8EA-D8D130E95E6D} = {D524A83E-EA99-4462-8A3B-AD76286C55E8}
		{31E17276-3E05-4B82-A9F8-98655DE614D6} = {D8BEA2CC-EAE2-47B8-A01B-1BC3EC53F6CB}
		{394EBA0A-D2B8-43EE-A48A-2EE01F010465} = {D8BEA2CC-EAE2-47B8-A01B-1BC3EC53F6CB}
		{5370E2E8-4B24-4D01-BB08-BBEC7352C7FC} = {D8BEA2CC-EAE2-47B8-A01B-1BC3EC53F6CB}
		{D519D4D1-FD0B-4160-BED6-2622C5926103} = {9B4DEA95-8B1A-4BA2-8F38-9A02BC3B9248}
		{FEC2A67C-3CDB-40D4-A47E-1AB167543F69} = {9B4DEA95-8B1A-4BA2-8F38-9A02BC3B9248}
		{85E98742-55C8-4122-8EBA-1A22C3AAD405} = {9B4DEA95-8B1A-4BA2-8F38-9A02BC3B9248}
	EndGlobalSection
	GlobalSection(ExtensibilityGlobals) = postSolution
		SolutionGuid = {40A24E3F-8F31-4C86-80F0-7520726B13AA}
	EndGlobalSection
EndGlobal
